
Microsoft Visual Studio Solution File, Format Version 12.00
# Visual Studio 15
VisualStudioVersion = 15.0.27130.2010
MinimumVisualStudioVersion = 10.0.40219.1
Project("{FAE04EC0-301F-11D3-BF4B-00C04F79EFBC}") = "NonLethalGuns", "NonLethalGuns.csproj", "{1864AFA2-6550-40BD-AA41-85E5CD1370DD}"
EndProject
Global
	GlobalSection(SolutionConfigurationPlatforms) = preSolution
		Debug|Any CPU = Debug|Any CPU
		Release|Any CPU = Release|Any CPU
	EndGlobalSection
	GlobalSection(ProjectConfigurationPlatforms) = postSolution
		{1864AFA2-6550-40BD-AA41-85E5CD1370DD}.Debug|Any CPU.ActiveCfg = Debug|Any CPU
		{1864AFA2-6550-40BD-AA41-85E5CD1370DD}.Debug|Any CPU.Build.0 = Debug|Any CPU
		{1864AFA2-6550-40BD-AA41-85E5CD1370DD}.Release|Any CPU.ActiveCfg = Release|Any CPU
		{1864AFA2-6550-40BD-AA41-85E5CD1370DD}.Release|Any CPU.Build.0 = Release|Any CPU
	EndGlobalSection
	GlobalSection(SolutionProperties) = preSolution
		HideSolutionNode = FALSE
	EndGlobalSection
	GlobalSection(ExtensibilityGlobals) = postSolution
		SolutionGuid = {E72F4F47-48F8-4644-AD06-1F282CDE7B18}
	EndGlobalSection
EndGlobal
